github.com/tabnas/bnf/go v0.1.5 h1:Q/+U3X63CoD22j6IWDfm4jLZZUNg6csYiZOEqRjmVPQ=
github.com/tabnas/bnf/go v0.1.5/go.mod h1:bLQRDeXKehrEgmxE5jQszIsjZJmPaxFeMQa9Io4gv0c=
github.com/tabnas/parser/go v0.8.7 h1:607FCn2O+gWOOwrTAUCn62EqIGgVa/1qq5Ta5EdYAMQ=
github.com/tabnas/parser/go v0.8.7/go.mod h1:WrlfEVyZ1QjEIowWiyEu3K1iHj7wxuPut5zoH9Trehk=
