github.com/tabnas/bnf/go v0.1.24 h1:tx+25ST7+77u7VNDTYI/o9qcRHswl1mGIVPBUPg6sSA=
github.com/tabnas/bnf/go v0.1.24/go.mod h1:ZMsVec+JaLAbUtIqtl7HGF8TXZPpilSdYxriFBMFkm0=
github.com/tabnas/parser/go v0.12.9 h1:O7aTPKx55UkNjEclMPqGZ7OKIxqOL9ebOpvvCSPwD/s=
github.com/tabnas/parser/go v0.12.9/go.mod h1:WrlfEVyZ1QjEIowWiyEu3K1iHj7wxuPut5zoH9Trehk=
