github.com/tabnas/bnf/go v0.1.21 h1:xiKvHkpCUUd118u3Y6BFXkOhDMkNg8MUywvPiT9PEt8=
github.com/tabnas/bnf/go v0.1.21/go.mod h1:v6POwH7VV7lKK8KT4zRLUHC5Wm4WPXKUKk1ZJDAofg8=
github.com/tabnas/parser/go v0.12.4 h1:DBi+Lh+NlFj/WsCAWftkeeD7FAJJRpygchM3/pu9tE0=
github.com/tabnas/parser/go v0.12.4/go.mod h1:WrlfEVyZ1QjEIowWiyEu3K1iHj7wxuPut5zoH9Trehk=
